
Microsoft Visual Studio Solution File, Format Version 12.00
# Visual Studio Version 16
VisualStudioVersion = 16.0.30002.166
MinimumVisualStudioVersion = 10.0.40219.1
Project("{FAE04EC0-301F-11D3-BF4B-00C04F79EFBC}") = "Qr19.Android", "Qr19.Android\Qr19.Android.csproj", "{02D97D2A-C416-41A3-B40E-D50A8D4B2BF9}"
EndProject
Project("{FAE04EC0-301F-11D3-BF4B-00C04F79EFBC}") = "Qr19.iOS", "Qr19.iOS\Qr19.iOS.csproj", "{8018621F-A9DF-42DE-8795-843F63651AF0}"
EndProject
Project("{9A19103F-16F7-4668-BE54-9A1E7A4F7556}") = "Qr19", "Qr19\Qr19.csproj", "{0F159D26-8EB6-4708-AD1D-1B4EA36763E1}"
EndProject
Global
	GlobalSection(SolutionConfigurationPlatforms) = preSolution
		Debug|Any CPU = Debug|Any CPU
		Debug|iPhone = Debug|iPhone
		Debug|iPhoneSimulator = Debug|iPhoneSimulator
		Release|Any CPU = Release|Any CPU
		Release|iPhone = Release|iPhone
		Release|iPhoneSimulator = Release|iPhoneSimulator
	EndGlobalSection
	GlobalSection(ProjectConfigurationPlatforms) = postSolution
		{02D97D2A-C416-41A3-B40E-D50A8D4B2BF9}.Debug|Any CPU.ActiveCfg = Debug|Any CPU
		{02D97D2A-C416-41A3-B40E-D50A8D4B2BF9}.Debug|Any CPU.Build.0 = Debug|Any CPU
		{02D97D2A-C416-41A3-B40E-D50A8D4B2BF9}.Debug|Any CPU.Deploy.0 = Debug|Any CPU
		{02D97D2A-C416-41A3-B40E-D50A8D4B2BF9}.Debug|iPhone.ActiveCfg = Debug|Any CPU
		{02D97D2A-C416-41A3-B40E-D50A8D4B2BF9}.Debug|iPhone.Build.0 = Debug|Any CPU
		{02D97D2A-C416-41A3-B40E-D50A8D4B2BF9}.Debug|iPhone.Deploy.0 = Debug|Any CPU
		{02D97D2A-C416-41A3-B40E-D50A8D4B2BF9}.Debug|iPhoneSimulator.ActiveCfg = Debug|Any CPU
		{02D97D2A-C416-41A3-B40E-D50A8D4B2BF9}.Debug|iPhoneSimulator.Build.0 = Debug|Any CPU
		{02D97D2A-C416-41A3-B40E-D50A8D4B2BF9}.Debug|iPhoneSimulator.Deploy.0 = Debug|Any CPU
		{02D97D2A-C416-41A3-B40E-D50A8D4B2BF9}.Release|Any CPU.ActiveCfg = Release|Any CPU
		{02D97D2A-C416-41A3-B40E-D50A8D4B2BF9}.Release|Any CPU.Build.0 = Release|Any CPU
		{02D97D2A-C416-41A3-B40E-D50A8D4B2BF9}.Release|Any CPU.Deploy.0 = Release|Any CPU
		{02D97D2A-C416-41A3-B40E-D50A8D4B2BF9}.Release|iPhone.ActiveCfg = Release|Any CPU
		{02D97D2A-C416-41A3-B40E-D50A8D4B2BF9}.Release|iPhone.Build.0 = Release|Any CPU
		{02D97D2A-C416-41A3-B40E-D50A8D4B2BF9}.Release|iPhone.Deploy.0 = Release|Any CPU
		{02D97D2A-C416-41A3-B40E-D50A8D4B2BF9}.Release|iPhoneSimulator.ActiveCfg = Release|Any CPU
		{02D97D2A-C416-41A3-B40E-D50A8D4B2BF9}.Release|iPhoneSimulator.Build.0 = Release|Any CPU
		{02D97D2A-C416-41A3-B40E-D50A8D4B2BF9}.Release|iPhoneSimulator.Deploy.0 = Release|Any CPU
		{8018621F-A9DF-42DE-8795-843F63651AF0}.Debug|Any CPU.ActiveCfg = Debug|iPhone
		{8018621F-A9DF-42DE-8795-843F63651AF0}.Debug|Any CPU.Build.0 = Debug|iPhone
		{8018621F-A9DF-42DE-8795-843F63651AF0}.Debug|Any CPU.Deploy.0 = Debug|iPhone
		{8018621F-A9DF-42DE-8795-843F63651AF0}.Debug|iPhone.ActiveCfg = Debug|iPhone
		{8018621F-A9DF-42DE-8795-843F63651AF0}.Debug|iPhone.Build.0 = Debug|iPhone
		{8018621F-A9DF-42DE-8795-843F63651AF0}.Debug|iPhone.Deploy.0 = Debug|iPhone
		{8018621F-A9DF-42DE-8795-843F63651AF0}.Debug|iPhoneSimulator.ActiveCfg = Debug|iPhoneSimulator
		{8018621F-A9DF-42DE-8795-843F63651AF0}.Debug|iPhoneSimulator.Build.0 = Debug|iPhoneSimulator
		{8018621F-A9DF-42DE-8795-843F63651AF0}.Debug|iPhoneSimulator.Deploy.0 = Debug|iPhoneSimulator
		{8018621F-A9DF-42DE-8795-843F63651AF0}.Release|Any CPU.ActiveCfg = Release|iPhone
		{8018621F-A9DF-42DE-8795-843F63651AF0}.Release|Any CPU.Build.0 = Release|iPhone
		{8018621F-A9DF-42DE-8795-843F63651AF0}.Release|Any CPU.Deploy.0 = Release|iPhone
		{8018621F-A9DF-42DE-8795-843F63651AF0}.Release|iPhone.ActiveCfg = Release|iPhone
		{8018621F-A9DF-42DE-8795-843F63651AF0}.Release|iPhone.Build.0 = Release|iPhone
		{8018621F-A9DF-42DE-8795-843F63651AF0}.Release|iPhone.Deploy.0 = Release|iPhone
		{8018621F-A9DF-42DE-8795-843F63651AF0}.Release|iPhoneSimulator.ActiveCfg = Release|iPhoneSimulator
		{8018621F-A9DF-42DE-8795-843F63651AF0}.Release|iPhoneSimulator.Build.0 = Release|iPhoneSimulator
		{8018621F-A9DF-42DE-8795-843F63651AF0}.Release|iPhoneSimulator.Deploy.0 = Release|iPhoneSimulator
		{0F159D26-8EB6-4708-AD1D-1B4EA36763E1}.Debug|Any CPU.ActiveCfg = Debug|Any CPU
		{0F159D26-8EB6-4708-AD1D-1B4EA36763E1}.Debug|Any CPU.Build.0 = Debug|Any CPU
		{0F159D26-8EB6-4708-AD1D-1B4EA36763E1}.Debug|Any CPU.Deploy.0 = Debug|Any CPU
		{0F159D26-8EB6-4708-AD1D-1B4EA36763E1}.Debug|iPhone.ActiveCfg = Debug|Any CPU
		{0F159D26-8EB6-4708-AD1D-1B4EA36763E1}.Debug|iPhone.Build.0 = Debug|Any CPU
		{0F159D26-8EB6-4708-AD1D-1B4EA36763E1}.Debug|iPhone.Deploy.0 = Debug|Any CPU
		{0F159D26-8EB6-4708-AD1D-1B4EA36763E1}.Debug|iPhoneSimulator.ActiveCfg = Debug|Any CPU
		{0F159D26-8EB6-4708-AD1D-1B4EA36763E1}.Debug|iPhoneSimulator.Build.0 = Debug|Any CPU
		{0F159D26-8EB6-4708-AD1D-1B4EA36763E1}.Debug|iPhoneSimulator.Deploy.0 = Debug|Any CPU
		{0F159D26-8EB6-4708-AD1D-1B4EA36763E1}.Release|Any CPU.ActiveCfg = Release|Any CPU
		{0F159D26-8EB6-4708-AD1D-1B4EA36763E1}.Release|Any CPU.Build.0 = Release|Any CPU
		{0F159D26-8EB6-4708-AD1D-1B4EA36763E1}.Release|Any CPU.Deploy.0 = Release|Any CPU
		{0F159D26-8EB6-4708-AD1D-1B4EA36763E1}.Release|iPhone.ActiveCfg = Release|Any CPU
		{0F159D26-8EB6-4708-AD1D-1B4EA36763E1}.Release|iPhone.Build.0 = Release|Any CPU
		{0F159D26-8EB6-4708-AD1D-1B4EA36763E1}.Release|iPhone.Deploy.0 = Release|Any CPU
		{0F159D26-8EB6-4708-AD1D-1B4EA36763E1}.Release|iPhoneSimulator.ActiveCfg = Release|Any CPU
		{0F159D26-8EB6-4708-AD1D-1B4EA36763E1}.Release|iPhoneSimulator.Build.0 = Release|Any CPU
		{0F159D26-8EB6-4708-AD1D-1B4EA36763E1}.Release|iPhoneSimulator.Deploy.0 = Release|Any CPU
	EndGlobalSection
	GlobalSection(SolutionProperties) = preSolution
		HideSolutionNode = FALSE
	EndGlobalSection
	GlobalSection(ExtensibilityGlobals) = postSolution
		SolutionGuid = {1495EB20-AE86-4E9C-A182-41AA24C8E66B}
	EndGlobalSection
EndGlobal
